// !$*UTF8*$!
{
	archiveVersion = 1;
	classes = {
	};
	objectVersion = 56;
	objects = {

/* Begin PBXBuildFile section */
		924CA438290EC0CB00C0BB0C /* LoginAPIManager.swift in Sources */ = {isa = PBXBuildFile; fileRef = 924CA437290EC0CB00C0BB0C /* LoginAPIManager.swift */; };
		924CA43D290ECF7700C0BB0C /* ReactiveSearchViewController.swift in Sources */ = {isa = PBXBuildFile; fileRef = 924CA43C290ECF7700C0BB0C /* ReactiveSearchViewController.swift */; };
		924CA43F290ECFEE00C0BB0C /* ReactiveSearchViewModel.swift in Sources */ = {isa = PBXBuildFile; fileRef = 924CA43E290ECFEE00C0BB0C /* ReactiveSearchViewModel.swift */; };
		9265DD7B29075F70005D56BE /* SimpleTextFieldViewController.swift in Sources */ = {isa = PBXBuildFile; fileRef = 9265DD7A29075F70005D56BE /* SimpleTextFieldViewController.swift */; };
		9265DD7F2907633D005D56BE /* SimpleLoginViewController.swift in Sources */ = {isa = PBXBuildFile; fileRef = 9265DD7E2907633D005D56BE /* SimpleLoginViewController.swift */; };
		9265DD852907AA57005D56BE /* SimpleTableViewController.swift in Sources */ = {isa = PBXBuildFile; fileRef = 9265DD842907AA57005D56BE /* SimpleTableViewController.swift */; };
		9265DD872907B1F3005D56BE /* RxCocoaExampleViewController.swift in Sources */ = {isa = PBXBuildFile; fileRef = 9265DD862907B1F3005D56BE /* RxCocoaExampleViewController.swift */; };
		9265DD892907BECF005D56BE /* RxCocoaInitialViewController.swift in Sources */ = {isa = PBXBuildFile; fileRef = 9265DD882907BECF005D56BE /* RxCocoaInitialViewController.swift */; };
		9265DD902907CBCF005D56BE /* SearchPhotoViewController.swift in Sources */ = {isa = PBXBuildFile; fileRef = 9265DD8F2907CBCF005D56BE /* SearchPhotoViewController.swift */; };
		9265DD922907CC13005D56BE /* SearchPhotoViewModel.swift in Sources */ = {isa = PBXBuildFile; fileRef = 9265DD912907CC13005D56BE /* SearchPhotoViewModel.swift */; };
		9265DD962907CCAE005D56BE /* SearchPhotoAPIManager.swift in Sources */ = {isa = PBXBuildFile; fileRef = 9265DD952907CCAE005D56BE /* SearchPhotoAPIManager.swift */; };
		9265DD982907D134005D56BE /* SearchPhoto.swift in Sources */ = {isa = PBXBuildFile; fileRef = 9265DD972907D134005D56BE /* SearchPhoto.swift */; };
		928135F6290B4B3700700AA6 /* LoginViewController.swift in Sources */ = {isa = PBXBuildFile; fileRef = 928135F5290B4B3700700AA6 /* LoginViewController.swift */; };
		928135F8290B4B3C00700AA6 /* LoginRequest.swift in Sources */ = {isa = PBXBuildFile; fileRef = 928135F7290B4B3C00700AA6 /* LoginRequest.swift */; };
		928135FA290B4B4400700AA6 /* LoginViewModel.swift in Sources */ = {isa = PBXBuildFile; fileRef = 928135F9290B4B4400700AA6 /* LoginViewModel.swift */; };
		928135FC290B4BE500700AA6 /* LoginResponse.swift in Sources */ = {isa = PBXBuildFile; fileRef = 928135FB290B4BE500700AA6 /* LoginResponse.swift */; };
		929DA5D229028A4200810B2A /* AppDelegate.swift in Sources */ = {isa = PBXBuildFile; fileRef = 929DA5D129028A4200810B2A /* AppDelegate.swift */; };
		929DA5D429028A4200810B2A /* SceneDelegate.swift in Sources */ = {isa = PBXBuildFile; fileRef = 929DA5D329028A4200810B2A /* SceneDelegate.swift */; };
		929DA5D629028A4200810B2A /* ListViewController.swift in Sources */ = {isa = PBXBuildFile; fileRef = 929DA5D529028A4200810B2A /* ListViewController.swift */; };
		929DA5D929028A4200810B2A /* Main.storyboard in Resources */ = {isa = PBXBuildFile; fileRef = 929DA5D729028A4200810B2A /* Main.storyboard */; };
		929DA5DB29028A4300810B2A /* Assets.xcassets in Resources */ = {isa = PBXBuildFile; fileRef = 929DA5DA29028A4300810B2A /* Assets.xcassets */; };
		929DA5DE29028A4300810B2A /* LaunchScreen.storyboard in Resources */ = {isa = PBXBuildFile; fileRef = 929DA5DC29028A4300810B2A /* LaunchScreen.storyboard */; };
		92F80ED32905646B00938A01 /* SnapKit in Frameworks */ = {isa = PBXBuildFile; productRef = 92F80ED22905646B00938A01 /* SnapKit */; };
		92F80ED62905647400938A01 /* Then in Frameworks */ = {isa = PBXBuildFile; productRef = 92F80ED52905647400938A01 /* Then */; };
		92F80ED92905648300938A01 /* Alamofire in Frameworks */ = {isa = PBXBuildFile; productRef = 92F80ED82905648300938A01 /* Alamofire */; };
		92F80EDB2905695D00938A01 /* Photo.swift in Sources */ = {isa = PBXBuildFile; fileRef = 92F80EDA2905695D00938A01 /* Photo.swift */; };
		92F80EDD29056A9800938A01 /* ListCollectionViewCell.swift in Sources */ = {isa = PBXBuildFile; fileRef = 92F80EDC29056A9800938A01 /* ListCollectionViewCell.swift */; };
		92F80EDF29056E0E00938A01 /* ListViewModel.swift in Sources */ = {isa = PBXBuildFile; fileRef = 92F80EDE29056E0E00938A01 /* ListViewModel.swift */; };
		92F80EE22905706C00938A01 /* CObservable.swift in Sources */ = {isa = PBXBuildFile; fileRef = 92F80EE12905706C00938A01 /* CObservable.swift */; };
		92F80EE42905718C00938A01 /* URLConstant.swift in Sources */ = {isa = PBXBuildFile; fileRef = 92F80EE32905718C00938A01 /* URLConstant.swift */; };
		92F80EE82905719E00938A01 /* ListAPIManager.swift in Sources */ = {isa = PBXBuildFile; fileRef = 92F80EE72905719E00938A01 /* ListAPIManager.swift */; };
		92F80EEA290571E400938A01 /* .gitignore in Resources */ = {isa = PBXBuildFile; fileRef = 92F80EE9290571E400938A01 /* .gitignore */; };
		92F80EEC290571F100938A01 /* APIKey.swift in Sources */ = {isa = PBXBuildFile; fileRef = 92F80EEB290571F100938A01 /* APIKey.swift */; };
		92F80F03290659E500938A01 /* RxCocoa in Frameworks */ = {isa = PBXBuildFile; productRef = 92F80F02290659E500938A01 /* RxCocoa */; };
		92F80F05290659E500938A01 /* RxSwift in Frameworks */ = {isa = PBXBuildFile; productRef = 92F80F04290659E500938A01 /* RxSwift */; };
		92F80F0D29067AD200938A01 /* SimplePickerViewExampleViewController.swift in Sources */ = {isa = PBXBuildFile; fileRef = 92F80F0C29067AD200938A01 /* SimplePickerViewExampleViewController.swift */; };
/* End PBXBuildFile section */

/* Begin PBXFileReference section */
		924CA437290EC0CB00C0BB0C /* LoginAPIManager.swift */ = {isa = PBXFileReference; lastKnownFileType = sourcecode.swift; path = LoginAPIManager.swift; sourceTree = "<group>"; };
		924CA43C290ECF7700C0BB0C /* ReactiveSearchViewController.swift */ = {isa = PBXFileReference; lastKnownFileType = sourcecode.swift; path = ReactiveSearchViewController.swift; sourceTree = "<group>"; };
		924CA43E290ECFEE00C0BB0C /* ReactiveSearchViewModel.swift */ = {isa = PBXFileReference; lastKnownFileType = sourcecode.swift; path = ReactiveSearchViewModel.swift; sourceTree = "<group>"; };
		9265DD7A29075F70005D56BE /* SimpleTextFieldViewController.swift */ = {isa = PBXFileReference; lastKnownFileType = sourcecode.swift; path = SimpleTextFieldViewController.swift; sourceTree = "<group>"; };
		9265DD7E2907633D005D56BE /* SimpleLoginViewController.swift */ = {isa = PBXFileReference; lastKnownFileType = sourcecode.swift; path = SimpleLoginViewController.swift; sourceTree = "<group>"; };
		9265DD842907AA57005D56BE /* SimpleTableViewController.swift */ = {isa = PBXFileReference; lastKnownFileType = sourcecode.swift; path = SimpleTableViewController.swift; sourceTree = "<group>"; };
		9265DD862907B1F3005D56BE /* RxCocoaExampleViewController.swift */ = {isa = PBXFileReference; lastKnownFileType = sourcecode.swift; path = RxCocoaExampleViewController.swift; sourceTree = "<group>"; };
		9265DD882907BECF005D56BE /* RxCocoaInitialViewController.swift */ = {isa = PBXFileReference; lastKnownFileType = sourcecode.swift; path = RxCocoaInitialViewController.swift; sourceTree = "<group>"; };
		9265DD8F2907CBCF005D56BE /* SearchPhotoViewController.swift */ = {isa = PBXFileReference; lastKnownFileType = sourcecode.swift; path = SearchPhotoViewController.swift; sourceTree = "<group>"; };
		9265DD912907CC13005D56BE /* SearchPhotoViewModel.swift */ = {isa = PBXFileReference; lastKnownFileType = sourcecode.swift; path = SearchPhotoViewModel.swift; sourceTree = "<group>"; };
		9265DD952907CCAE005D56BE /* SearchPhotoAPIManager.swift */ = {isa = PBXFileReference; lastKnownFileType = sourcecode.swift; path = SearchPhotoAPIManager.swift; sourceTree = "<group>"; };
		9265DD972907D134005D56BE /* SearchPhoto.swift */ = {isa = PBXFileReference; lastKnownFileType = sourcecode.swift; path = SearchPhoto.swift; sourceTree = "<group>"; };
		928135F5290B4B3700700AA6 /* LoginViewController.swift */ = {isa = PBXFileReference; lastKnownFileType = sourcecode.swift; path = LoginViewController.swift; sourceTree = "<group>"; };
		928135F7290B4B3C00700AA6 /* LoginRequest.swift */ = {isa = PBXFileReference; lastKnownFileType = sourcecode.swift; path = LoginRequest.swift; sourceTree = "<group>"; };
		928135F9290B4B4400700AA6 /* LoginViewModel.swift */ = {isa = PBXFileReference; lastKnownFileType = sourcecode.swift; path = LoginViewModel.swift; sourceTree = "<group>"; };
		928135FB290B4BE500700AA6 /* LoginResponse.swift */ = {isa = PBXFileReference; lastKnownFileType = sourcecode.swift; path = LoginResponse.swift; sourceTree = "<group>"; };
		929DA5CE29028A4200810B2A /* WhatsNew.app */ = {isa = PBXFileReference; explicitFileType = wrapper.application; includeInIndex = 0; path = WhatsNew.app; sourceTree = BUILT_PRODUCTS_DIR; };
		929DA5D129028A4200810B2A /* AppDelegate.swift */ = {isa = PBXFileReference; lastKnownFileType = sourcecode.swift; path = AppDelegate.swift; sourceTree = "<group>"; };
		929DA5D329028A4200810B2A /* SceneDelegate.swift */ = {isa = PBXFileReference; lastKnownFileType = sourcecode.swift; path = SceneDelegate.swift; sourceTree = "<group>"; };
		929DA5D529028A4200810B2A /* ListViewController.swift */ = {isa = PBXFileReference; lastKnownFileType = sourcecode.swift; path = ListViewController.swift; sourceTree = "<group>"; };
		929DA5D829028A4200810B2A /* Base */ = {isa = PBXFileReference; lastKnownFileType = file.storyboard; name = Base; path = Base.lproj/Main.storyboard; sourceTree = "<group>"; };
		929DA5DA29028A4300810B2A /* Assets.xcassets */ = {isa = PBXFileReference; lastKnownFileType = folder.assetcatalog; path = Assets.xcassets; sourceTree = "<group>"; };
		929DA5DD29028A4300810B2A /* Base */ = {isa = PBXFileReference; lastKnownFileType = file.storyboard; name = Base; path = Base.lproj/LaunchScreen.storyboard; sourceTree = "<group>"; };
		929DA5DF29028A4300810B2A /* Info.plist */ = {isa = PBXFileReference; lastKnownFileType = text.plist.xml; path = Info.plist; sourceTree = "<group>"; };
		92F80EDA2905695D00938A01 /* Photo.swift */ = {isa = PBXFileReference; lastKnownFileType = sourcecode.swift; path = Photo.swift; sourceTree = "<group>"; };
		92F80EDC29056A9800938A01 /* ListCollectionViewCell.swift */ = {isa = PBXFileReference; lastKnownFileType = sourcecode.swift; path = ListCollectionViewCell.swift; sourceTree = "<group>"; };
		92F80EDE29056E0E00938A01 /* ListViewModel.swift */ = {isa = PBXFileReference; lastKnownFileType = sourcecode.swift; path = ListViewModel.swift; sourceTree = "<group>"; };
		92F80EE12905706C00938A01 /* CObservable.swift */ = {isa = PBXFileReference; lastKnownFileType = sourcecode.swift; path = CObservable.swift; sourceTree = "<group>"; };
		92F80EE32905718C00938A01 /* URLConstant.swift */ = {isa = PBXFileReference; lastKnownFileType = sourcecode.swift; path = URLConstant.swift; sourceTree = "<group>"; };
		92F80EE72905719E00938A01 /* ListAPIManager.swift */ = {isa = PBXFileReference; lastKnownFileType = sourcecode.swift; path = ListAPIManager.swift; sourceTree = "<group>"; };
		92F80EE9290571E400938A01 /* .gitignore */ = {isa = PBXFileReference; lastKnownFileType = text; path = .gitignore; sourceTree = "<group>"; };
		92F80EEB290571F100938A01 /* APIKey.swift */ = {isa = PBXFileReference; lastKnownFileType = sourcecode.swift; path = APIKey.swift; sourceTree = "<group>"; };
		92F80F0C29067AD200938A01 /* SimplePickerViewExampleViewController.swift */ = {isa = PBXFileReference; lastKnownFileType = sourcecode.swift; path = SimplePickerViewExampleViewController.swift; sourceTree = "<group>"; };
/* End PBXFileReference section */

/* Begin PBXFrameworksBuildPhase section */
		929DA5CB29028A4200810B2A /* Frameworks */ = {
			isa = PBXFrameworksBuildPhase;
			buildActionMask = 2147483647;
			files = (
				92F80ED92905648300938A01 /* Alamofire in Frameworks */,
				92F80ED32905646B00938A01 /* SnapKit in Frameworks */,
				92F80F05290659E500938A01 /* RxSwift in Frameworks */,
				92F80F03290659E500938A01 /* RxCocoa in Frameworks */,
				92F80ED62905647400938A01 /* Then in Frameworks */,
			);
			runOnlyForDeploymentPostprocessing = 0;
		};
/* End PBXFrameworksBuildPhase section */

/* Begin PBXGroup section */
		924CA436290EC0BE00C0BB0C /* Login */ = {
			isa = PBXGroup;
			children = (
				924CA437290EC0CB00C0BB0C /* LoginAPIManager.swift */,
			);
			path = Login;
			sourceTree = "<group>";
		};
		924CA439290ECF4F00C0BB0C /* ReactiveSearch */ = {
			isa = PBXGroup;
			children = (
				924CA43B290ECF6300C0BB0C /* View */,
				924CA43A290ECF5C00C0BB0C /* ViewModel */,
			);
			path = ReactiveSearch;
			sourceTree = "<group>";
		};
		924CA43A290ECF5C00C0BB0C /* ViewModel */ = {
			isa = PBXGroup;
			children = (
				924CA43E290ECFEE00C0BB0C /* ReactiveSearchViewModel.swift */,
			);
			path = ViewModel;
			sourceTree = "<group>";
		};
		924CA43B290ECF6300C0BB0C /* View */ = {
			isa = PBXGroup;
			children = (
				924CA43C290ECF7700C0BB0C /* ReactiveSearchViewController.swift */,
			);
			path = View;
			sourceTree = "<group>";
		};
		9265DD732907561F005D56BE /* Controller */ = {
			isa = PBXGroup;
			children = (
				92F80F0C29067AD200938A01 /* SimplePickerViewExampleViewController.swift */,
				9265DD7A29075F70005D56BE /* SimpleTextFieldViewController.swift */,
				9265DD7E2907633D005D56BE /* SimpleLoginViewController.swift */,
				9265DD842907AA57005D56BE /* SimpleTableViewController.swift */,
				9265DD862907B1F3005D56BE /* RxCocoaExampleViewController.swift */,
				9265DD882907BECF005D56BE /* RxCocoaInitialViewController.swift */,
			);
			path = Controller;
			sourceTree = "<group>";
		};
		9265DD8B2907CBA8005D56BE /* SearchPhoto */ = {
			isa = PBXGroup;
			children = (
				9265DD8E2907CBBC005D56BE /* Model */,
				9265DD8D2907CBB6005D56BE /* View */,
				9265DD8C2907CBB1005D56BE /* ViewModel */,
			);
			path = SearchPhoto;
			sourceTree = "<group>";
		};
		9265DD8C2907CBB1005D56BE /* ViewModel */ = {
			isa = PBXGroup;
			children = (
				9265DD912907CC13005D56BE /* SearchPhotoViewModel.swift */,
			);
			path = ViewModel;
			sourceTree = "<group>";
		};
		9265DD8D2907CBB6005D56BE /* View */ = {
			isa = PBXGroup;
			children = (
				9265DD8F2907CBCF005D56BE /* SearchPhotoViewController.swift */,
			);
			path = View;
			sourceTree = "<group>";
		};
		9265DD8E2907CBBC005D56BE /* Model */ = {
			isa = PBXGroup;
			children = (
				9265DD972907D134005D56BE /* SearchPhoto.swift */,
			);
			path = Model;
			sourceTree = "<group>";
		};
		9265DD932907CC87005D56BE /* SearchPhoto */ = {
			isa = PBXGroup;
			children = (
				9265DD952907CCAE005D56BE /* SearchPhotoAPIManager.swift */,
			);
			path = SearchPhoto;
			sourceTree = "<group>";
		};
		9265DD942907CC94005D56BE /* APIManager */ = {
			isa = PBXGroup;
			children = (
				924CA436290EC0BE00C0BB0C /* Login */,
				9265DD932907CC87005D56BE /* SearchPhoto */,
				92F80EE62905719500938A01 /* List */,
			);
			path = APIManager;
			sourceTree = "<group>";
		};
		928135F1290AD46900700AA6 /* Login */ = {
			isa = PBXGroup;
			children = (
				928135F4290B4B2300700AA6 /* Model */,
				928135F3290B4B1800700AA6 /* View */,
				928135F2290B4B1200700AA6 /* ViewModel */,
			);
			path = Login;
			sourceTree = "<group>";
		};
		928135F2290B4B1200700AA6 /* ViewModel */ = {
			isa = PBXGroup;
			children = (
				928135F9290B4B4400700AA6 /* LoginViewModel.swift */,
			);
			path = ViewModel;
			sourceTree = "<group>";
		};
		928135F3290B4B1800700AA6 /* View */ = {
			isa = PBXGroup;
			children = (
				928135F5290B4B3700700AA6 /* LoginViewController.swift */,
			);
			path = View;
			sourceTree = "<group>";
		};
		928135F4290B4B2300700AA6 /* Model */ = {
			isa = PBXGroup;
			children = (
				928135F7290B4B3C00700AA6 /* LoginRequest.swift */,
				928135FB290B4BE500700AA6 /* LoginResponse.swift */,
			);
			path = Model;
			sourceTree = "<group>";
		};
		929DA5C529028A4200810B2A = {
			isa = PBXGroup;
			children = (
				92F80EE9290571E400938A01 /* .gitignore */,
				929DA5D029028A4200810B2A /* WhatsNew */,
				929DA5CF29028A4200810B2A /* Products */,
			);
			sourceTree = "<group>";
		};
		929DA5CF29028A4200810B2A /* Products */ = {
			isa = PBXGroup;
			children = (
				929DA5CE29028A4200810B2A /* WhatsNew.app */,
			);
			name = Products;
			sourceTree = "<group>";
		};
		929DA5D029028A4200810B2A /* WhatsNew */ = {
			isa = PBXGroup;
			children = (
				92F80EE029056FDD00938A01 /* Global */,
				929DA5E729028A5900810B2A /* Network */,
				929DA5E829028A6400810B2A /* Presentation */,
				929DA5E629028A5400810B2A /* Resource */,
				929DA5E529028A4B00810B2A /* Application */,
			);
			path = WhatsNew;
			sourceTree = "<group>";
		};
		929DA5E529028A4B00810B2A /* Application */ = {
			isa = PBXGroup;
			children = (
				929DA5DF29028A4300810B2A /* Info.plist */,
				929DA5D129028A4200810B2A /* AppDelegate.swift */,
				929DA5D329028A4200810B2A /* SceneDelegate.swift */,
			);
			path = Application;
			sourceTree = "<group>";
		};
		929DA5E629028A5400810B2A /* Resource */ = {
			isa = PBXGroup;
			children = (
				929DA5D729028A4200810B2A /* Main.storyboard */,
				929DA5DA29028A4300810B2A /* Assets.xcassets */,
				929DA5DC29028A4300810B2A /* LaunchScreen.storyboard */,
			);
			path = Resource;
			sourceTree = "<group>";
		};
		929DA5E729028A5900810B2A /* Network */ = {
			isa = PBXGroup;
			children = (
				9265DD942907CC94005D56BE /* APIManager */,
				92F80EE52905718F00938A01 /* Base */,
			);
			path = Network;
			sourceTree = "<group>";
		};
		929DA5E829028A6400810B2A /* Presentation */ = {
			isa = PBXGroup;
			children = (
				924CA439290ECF4F00C0BB0C /* ReactiveSearch */,
				928135F1290AD46900700AA6 /* Login */,
				9265DD8B2907CBA8005D56BE /* SearchPhoto */,
				929DA5E929028A8B00810B2A /* PhotoList */,
				92F80F0629066D9A00938A01 /* RxCocoaExample */,
			);
			path = Presentation;
			sourceTree = "<group>";
		};
		929DA5E929028A8B00810B2A /* PhotoList */ = {
			isa = PBXGroup;
			children = (
				929DA5EC29028A9C00810B2A /* Model */,
				929DA5EB29028A9800810B2A /* View */,
				929DA5EA29028A9000810B2A /* ViewModel */,
			);
			path = PhotoList;
			sourceTree = "<group>";
		};
		929DA5EA29028A9000810B2A /* ViewModel */ = {
			isa = PBXGroup;
			children = (
				92F80EDE29056E0E00938A01 /* ListViewModel.swift */,
			);
			path = ViewModel;
			sourceTree = "<group>";
		};
		929DA5EB29028A9800810B2A /* View */ = {
			isa = PBXGroup;
			children = (
				929DA5D529028A4200810B2A /* ListViewController.swift */,
				92F80EDC29056A9800938A01 /* ListCollectionViewCell.swift */,
			);
			path = View;
			sourceTree = "<group>";
		};
		929DA5EC29028A9C00810B2A /* Model */ = {
			isa = PBXGroup;
			children = (
				92F80EDA2905695D00938A01 /* Photo.swift */,
			);
			path = Model;
			sourceTree = "<group>";
		};
		92F80EE029056FDD00938A01 /* Global */ = {
			isa = PBXGroup;
			children = (
				92F80EE12905706C00938A01 /* CObservable.swift */,
			);
			path = Global;
			sourceTree = "<group>";
		};
		92F80EE52905718F00938A01 /* Base */ = {
			isa = PBXGroup;
			children = (
				92F80EE32905718C00938A01 /* URLConstant.swift */,
				92F80EEB290571F100938A01 /* APIKey.swift */,
			);
			path = Base;
			sourceTree = "<group>";
		};
		92F80EE62905719500938A01 /* List */ = {
			isa = PBXGroup;
			children = (
				92F80EE72905719E00938A01 /* ListAPIManager.swift */,
			);
			path = List;
			sourceTree = "<group>";
		};
		92F80F0629066D9A00938A01 /* RxCocoaExample */ = {
			isa = PBXGroup;
			children = (
				9265DD732907561F005D56BE /* Controller */,
			);
			path = RxCocoaExample;
			sourceTree = "<group>";
		};
/* End PBXGroup section */

/* Begin PBXNativeTarget section */
		929DA5CD29028A4200810B2A /* WhatsNew */ = {
			isa = PBXNativeTarget;
			buildConfigurationList = 929DA5E229028A4300810B2A /* Build configuration list for PBXNativeTarget "WhatsNew" */;
			buildPhases = (
				929DA5CA29028A4200810B2A /* Sources */,
				929DA5CB29028A4200810B2A /* Frameworks */,
				929DA5CC29028A4200810B2A /* Resources */,
			);
			buildRules = (
			);
			dependencies = (
			);
			name = WhatsNew;
			packageProductDependencies = (
				92F80ED22905646B00938A01 /* SnapKit */,
				92F80ED52905647400938A01 /* Then */,
				92F80ED82905648300938A01 /* Alamofire */,
				92F80F02290659E500938A01 /* RxCocoa */,
				92F80F04290659E500938A01 /* RxSwift */,
			);
			productName = WhatsNew;
			productReference = 929DA5CE29028A4200810B2A /* WhatsNew.app */;
			productType = "com.apple.product-type.application";
		};
/* End PBXNativeTarget section */

/* Begin PBXProject section */
		929DA5C629028A4200810B2A /* Project object */ = {
			isa = PBXProject;
			attributes = {
				BuildIndependentTargetsInParallel = 1;
				LastSwiftUpdateCheck = 1400;
				LastUpgradeCheck = 1400;
				TargetAttributes = {
					929DA5CD29028A4200810B2A = {
						CreatedOnToolsVersion = 14.0.1;
					};
				};
			};
			buildConfigurationList = 929DA5C929028A4200810B2A /* Build configuration list for PBXProject "WhatsNew" */;
			compatibilityVersion = "Xcode 14.0";
			developmentRegion = en;
			hasScannedForEncodings = 0;
			knownRegions = (
				en,
				Base,
			);
			mainGroup = 929DA5C529028A4200810B2A;
			packageReferences = (
				92F80ED12905646B00938A01 /* XCRemoteSwiftPackageReference "SnapKit" */,
				92F80ED42905647400938A01 /* XCRemoteSwiftPackageReference "Then" */,
				92F80ED72905648300938A01 /* XCRemoteSwiftPackageReference "Alamofire" */,
				92F80F01290659E500938A01 /* XCRemoteSwiftPackageReference "RxSwift" */,
			);
			productRefGroup = 929DA5CF29028A4200810B2A /* Products */;
			projectDirPath = "";
			projectRoot = "";
			targets = (
				929DA5CD29028A4200810B2A /* WhatsNew */,
			);
		};
/* End PBXProject section */

/* Begin PBXResourcesBuildPhase section */
		929DA5CC29028A4200810B2A /* Resources */ = {
			isa = PBXResourcesBuildPhase;
			buildActionMask = 2147483647;
			files = (
				92F80EEA290571E400938A01 /* .gitignore in Resources */,
				929DA5DE29028A4300810B2A /* LaunchScreen.storyboard in Resources */,
				929DA5DB29028A4300810B2A /* Assets.xcassets in Resources */,
				929DA5D929028A4200810B2A /* Main.storyboard in Resources */,
			);
			runOnlyForDeploymentPostprocessing = 0;
		};
/* End PBXResourcesBuildPhase section */

/* Begin PBXSourcesBuildPhase section */
		929DA5CA29028A4200810B2A /* Sources */ = {
			isa = PBXSourcesBuildPhase;
			buildActionMask = 2147483647;
			files = (
				928135FA290B4B4400700AA6 /* LoginViewModel.swift in Sources */,
				928135F6290B4B3700700AA6 /* LoginViewController.swift in Sources */,
				9265DD982907D134005D56BE /* SearchPhoto.swift in Sources */,
				924CA43D290ECF7700C0BB0C /* ReactiveSearchViewController.swift in Sources */,
				92F80EDB2905695D00938A01 /* Photo.swift in Sources */,
				924CA438290EC0CB00C0BB0C /* LoginAPIManager.swift in Sources */,
				924CA43F290ECFEE00C0BB0C /* ReactiveSearchViewModel.swift in Sources */,
				9265DD7F2907633D005D56BE /* SimpleLoginViewController.swift in Sources */,
				92F80EE42905718C00938A01 /* URLConstant.swift in Sources */,
				92F80EE22905706C00938A01 /* CObservable.swift in Sources */,
				9265DD902907CBCF005D56BE /* SearchPhotoViewController.swift in Sources */,
				92F80F0D29067AD200938A01 /* SimplePickerViewExampleViewController.swift in Sources */,
				9265DD7B29075F70005D56BE /* SimpleTextFieldViewController.swift in Sources */,
				9265DD922907CC13005D56BE /* SearchPhotoViewModel.swift in Sources */,
				928135F8290B4B3C00700AA6 /* LoginRequest.swift in Sources */,
				92F80EDD29056A9800938A01 /* ListCollectionViewCell.swift in Sources */,
				928135FC290B4BE500700AA6 /* LoginResponse.swift in Sources */,
				92F80EEC290571F100938A01 /* APIKey.swift in Sources */,
				92F80EDF29056E0E00938A01 /* ListViewModel.swift in Sources */,
				9265DD892907BECF005D56BE /* RxCocoaInitialViewController.swift in Sources */,
				929DA5D629028A4200810B2A /* ListViewController.swift in Sources */,
				9265DD872907B1F3005D56BE /* RxCocoaExampleViewController.swift in Sources */,
				9265DD962907CCAE005D56BE /* SearchPhotoAPIManager.swift in Sources */,
				929DA5D229028A4200810B2A /* AppDelegate.swift in Sources */,
				9265DD852907AA57005D56BE /* SimpleTableViewController.swift in Sources */,
				929DA5D429028A4200810B2A /* SceneDelegate.swift in Sources */,
				92F80EE82905719E00938A01 /* ListAPIManager.swift in Sources */,
			);
			runOnlyForDeploymentPostprocessing = 0;
		};
/* End PBXSourcesBuildPhase section */

/* Begin PBXVariantGroup section */
		929DA5D729028A4200810B2A /* Main.storyboard */ = {
			isa = PBXVariantGroup;
			children = (
				929DA5D829028A4200810B2A /* Base */,
			);
			name = Main.storyboard;
			sourceTree = "<group>";
		};
		929DA5DC29028A4300810B2A /* LaunchScreen.storyboard */ = {
			isa = PBXVariantGroup;
			children = (
				929DA5DD29028A4300810B2A /* Base */,
			);
			name = LaunchScreen.storyboard;
			sourceTree = "<group>";
		};
/* End PBXVariantGroup section */

/* Begin XCBuildConfiguration section */
		929DA5E029028A4300810B2A /* Debug */ = {
			isa = XCBuildConfiguration;
			buildSettings = {
				ALWAYS_SEARCH_USER_PATHS = NO;
				CLANG_ANALYZER_NONNULL = YES;
				CLANG_ANALYZER_NUMBER_OBJECT_CONVERSION = YES_AGGRESSIVE;
				CLANG_CXX_LANGUAGE_STANDARD = "gnu++20";
				CLANG_ENABLE_MODULES = YES;
				CLANG_ENABLE_OBJC_ARC = YES;
				CLANG_ENABLE_OBJC_WEAK = YES;
				CLANG_WARN_BLOCK_CAPTURE_AUTORELEASING = YES;
				CLANG_WARN_BOOL_CONVERSION = YES;
				CLANG_WARN_COMMA = YES;
				CLANG_WARN_CONSTANT_CONVERSION = YES;
				CLANG_WARN_DEPRECATED_OBJC_IMPLEMENTATIONS = YES;
				CLANG_WARN_DIRECT_OBJC_ISA_USAGE = YES_ERROR;
				CLANG_WARN_DOCUMENTATION_COMMENTS = YES;
				CLANG_WARN_EMPTY_BODY = YES;
				CLANG_WARN_ENUM_CONVERSION = YES;
				CLANG_WARN_INFINITE_RECURSION = YES;
				CLANG_WARN_INT_CONVERSION = YES;
				CLANG_WARN_NON_LITERAL_NULL_CONVERSION = YES;
				CLANG_WARN_OBJC_IMPLICIT_RETAIN_SELF = YES;
				CLANG_WARN_OBJC_LITERAL_CONVERSION = YES;
				CLANG_WARN_OBJC_ROOT_CLASS = YES_ERROR;
				CLANG_WARN_QUOTED_INCLUDE_IN_FRAMEWORK_HEADER = YES;
				CLANG_WARN_RANGE_LOOP_ANALYSIS = YES;
				CLANG_WARN_STRICT_PROTOTYPES = YES;
				CLANG_WARN_SUSPICIOUS_MOVE = YES;
				CLANG_WARN_UNGUARDED_AVAILABILITY = YES_AGGRESSIVE;
				CLANG_WARN_UNREACHABLE_CODE = YES;
				CLANG_WARN__DUPLICATE_METHOD_MATCH = YES;
				COPY_PHASE_STRIP = NO;
				DEBUG_INFORMATION_FORMAT = dwarf;
				ENABLE_STRICT_OBJC_MSGSEND = YES;
				ENABLE_TESTABILITY = YES;
				GCC_C_LANGUAGE_STANDARD = gnu11;
				GCC_DYNAMIC_NO_PIC = NO;
				GCC_NO_COMMON_BLOCKS = YES;
				GCC_OPTIMIZATION_LEVEL = 0;
				GCC_PREPROCESSOR_DEFINITIONS = (
					"DEBUG=1",
					"$(inherited)",
				);
				GCC_WARN_64_TO_32_BIT_CONVERSION = YES;
				GCC_WARN_ABOUT_RETURN_TYPE = YES_ERROR;
				GCC_WARN_UNDECLARED_SELECTOR = YES;
				GCC_WARN_UNINITIALIZED_AUTOS = YES_AGGRESSIVE;
				GCC_WARN_UNUSED_FUNCTION = YES;
				GCC_WARN_UNUSED_VARIABLE = YES;
				IPHONEOS_DEPLOYMENT_TARGET = 16.0;
				MTL_ENABLE_DEBUG_INFO = INCLUDE_SOURCE;
				MTL_FAST_MATH = YES;
				ONLY_ACTIVE_ARCH = YES;
				SDKROOT = iphoneos;
				SWIFT_ACTIVE_COMPILATION_CONDITIONS = DEBUG;
				SWIFT_OPTIMIZATION_LEVEL = "-Onone";
			};
			name = Debug;
		};
		929DA5E129028A4300810B2A /* Release */ = {
			isa = XCBuildConfiguration;
			buildSettings = {
				ALWAYS_SEARCH_USER_PATHS = NO;
				CLANG_ANALYZER_NONNULL = YES;
				CLANG_ANALYZER_NUMBER_OBJECT_CONVERSION = YES_AGGRESSIVE;
				CLANG_CXX_LANGUAGE_STANDARD = "gnu++20";
				CLANG_ENABLE_MODULES = YES;
				CLANG_ENABLE_OBJC_ARC = YES;
				CLANG_ENABLE_OBJC_WEAK = YES;
				CLANG_WARN_BLOCK_CAPTURE_AUTORELEASING = YES;
				CLANG_WARN_BOOL_CONVERSION = YES;
				CLANG_WARN_COMMA = YES;
				CLANG_WARN_CONSTANT_CONVERSION = YES;
				CLANG_WARN_DEPRECATED_OBJC_IMPLEMENTATIONS = YES;
				CLANG_WARN_DIRECT_OBJC_ISA_USAGE = YES_ERROR;
				CLANG_WARN_DOCUMENTATION_COMMENTS = YES;
				CLANG_WARN_EMPTY_BODY = YES;
				CLANG_WARN_ENUM_CONVERSION = YES;
				CLANG_WARN_INFINITE_RECURSION = YES;
				CLANG_WARN_INT_CONVERSION = YES;
				CLANG_WARN_NON_LITERAL_NULL_CONVERSION = YES;
				CLANG_WARN_OBJC_IMPLICIT_RETAIN_SELF = YES;
				CLANG_WARN_OBJC_LITERAL_CONVERSION = YES;
				CLANG_WARN_OBJC_ROOT_CLASS = YES_ERROR;
				CLANG_WARN_QUOTED_INCLUDE_IN_FRAMEWORK_HEADER = YES;
				CLANG_WARN_RANGE_LOOP_ANALYSIS = YES;
				CLANG_WARN_STRICT_PROTOTYPES = YES;
				CLANG_WARN_SUSPICIOUS_MOVE = YES;
				CLANG_WARN_UNGUARDED_AVAILABILITY = YES_AGGRESSIVE;
				CLANG_WARN_UNREACHABLE_CODE = YES;
				CLANG_WARN__DUPLICATE_METHOD_MATCH = YES;
				COPY_PHASE_STRIP = NO;
				DEBUG_INFORMATION_FORMAT = "dwarf-with-dsym";
				ENABLE_NS_ASSERTIONS = NO;
				ENABLE_STRICT_OBJC_MSGSEND = YES;
				GCC_C_LANGUAGE_STANDARD = gnu11;
				GCC_NO_COMMON_BLOCKS = YES;
				GCC_WARN_64_TO_32_BIT_CONVERSION = YES;
				GCC_WARN_ABOUT_RETURN_TYPE = YES_ERROR;
				GCC_WARN_UNDECLARED_SELECTOR = YES;
				GCC_WARN_UNINITIALIZED_AUTOS = YES_AGGRESSIVE;
				GCC_WARN_UNUSED_FUNCTION = YES;
				GCC_WARN_UNUSED_VARIABLE = YES;
				IPHONEOS_DEPLOYMENT_TARGET = 16.0;
				MTL_ENABLE_DEBUG_INFO = NO;
				MTL_FAST_MATH = YES;
				SDKROOT = iphoneos;
				SWIFT_COMPILATION_MODE = wholemodule;
				SWIFT_OPTIMIZATION_LEVEL = "-O";
				VALIDATE_PRODUCT = YES;
			};
			name = Release;
		};
		929DA5E329028A4300810B2A /* Debug */ = {
			isa = XCBuildConfiguration;
			buildSettings = {
				ASSETCATALOG_COMPILER_APPICON_NAME = AppIcon;
				ASSETCATALOG_COMPILER_GLOBAL_ACCENT_COLOR_NAME = AccentColor;
				CODE_SIGN_STYLE = Automatic;
				CURRENT_PROJECT_VERSION = 1;
				DEVELOPMENT_TEAM = PU64TS56AD;
				GENERATE_INFOPLIST_FILE = YES;
				INFOPLIST_FILE = WhatsNew/Application/Info.plist;
				INFOPLIST_KEY_UIApplicationSupportsIndirectInputEvents = YES;
				INFOPLIST_KEY_UILaunchStoryboardName = LaunchScreen;
				INFOPLIST_KEY_UIMainStoryboardFile = Main;
				INFOPLIST_KEY_UISupportedInterfaceOrientations_iPad = "UIInterfaceOrientationPortrait UIInterfaceOrientationPortraitUpsideDown UIInterfaceOrientationLandscapeLeft UIInterfaceOrientationLandscapeRight";
				INFOPLIST_KEY_UISupportedInterfaceOrientations_iPhone = "UIInterfaceOrientationPortrait UIInterfaceOrientationLandscapeLeft UIInterfaceOrientationLandscapeRight";
				LD_RUNPATH_SEARCH_PATHS = (
					"$(inherited)",
					"@executable_path/Frameworks",
				);
				MARKETING_VERSION = 1.0;
				PRODUCT_BUNDLE_IDENTIFIER = com.soyeon.WhatsNew;
				PRODUCT_NAME = "$(TARGET_NAME)";
				SWIFT_EMIT_LOC_STRINGS = YES;
				SWIFT_VERSION = 5.0;
				TARGETED_DEVICE_FAMILY = "1,2";
			};
			name = Debug;
		};
		929DA5E429028A4300810B2A /* Release */ = {
			isa = XCBuildConfiguration;
			buildSettings = {
				ASSETCATALOG_COMPILER_APPICON_NAME = AppIcon;
				ASSETCATALOG_COMPILER_GLOBAL_ACCENT_COLOR_NAME = AccentColor;
				CODE_SIGN_STYLE = Automatic;
				CURRENT_PROJECT_VERSION = 1;
				DEVELOPMENT_TEAM = PU64TS56AD;
				GENERATE_INFOPLIST_FILE = YES;
				INFOPLIST_FILE = WhatsNew/Application/Info.plist;
				INFOPLIST_KEY_UIApplicationSupportsIndirectInputEvents = YES;
				INFOPLIST_KEY_UILaunchStoryboardName = LaunchScreen;
				INFOPLIST_KEY_UIMainStoryboardFile = Main;
				INFOPLIST_KEY_UISupportedInterfaceOrientations_iPad = "UIInterfaceOrientationPortrait UIInterfaceOrientationPortraitUpsideDown UIInterfaceOrientationLandscapeLeft UIInterfaceOrientationLandscapeRight";
				INFOPLIST_KEY_UISupportedInterfaceOrientations_iPhone = "UIInterfaceOrientationPortrait UIInterfaceOrientationLandscapeLeft UIInterfaceOrientationLandscapeRight";
				LD_RUNPATH_SEARCH_PATHS = (
					"$(inherited)",
					"@executable_path/Frameworks",
				);
				MARKETING_VERSION = 1.0;
				PRODUCT_BUNDLE_IDENTIFIER = com.soyeon.WhatsNew;
				PRODUCT_NAME = "$(TARGET_NAME)";
				SWIFT_EMIT_LOC_STRINGS = YES;
				SWIFT_VERSION = 5.0;
				TARGETED_DEVICE_FAMILY = "1,2";
			};
			name = Release;
		};
/* End XCBuildConfiguration section */

/* Begin XCConfigurationList section */
		929DA5C929028A4200810B2A /* Build configuration list for PBXProject "WhatsNew" */ = {
			isa = XCConfigurationList;
			buildConfigurations = (
				929DA5E029028A4300810B2A /* Debug */,
				929DA5E129028A4300810B2A /* Release */,
			);
			defaultConfigurationIsVisible = 0;
			defaultConfigurationName = Release;
		};
		929DA5E229028A4300810B2A /* Build configuration list for PBXNativeTarget "WhatsNew" */ = {
			isa = XCConfigurationList;
			buildConfigurations = (
				929DA5E329028A4300810B2A /* Debug */,
				929DA5E429028A4300810B2A /* Release */,
			);
			defaultConfigurationIsVisible = 0;
			defaultConfigurationName = Release;
		};
/* End XCConfigurationList section */

/* Begin XCRemoteSwiftPackageReference section */
		92F80ED12905646B00938A01 /* XCRemoteSwiftPackageReference "SnapKit" */ = {
			isa = XCRemoteSwiftPackageReference;
			repositoryURL = "https://github.com/SnapKit/SnapKit.git";
			requirement = {
				branch = develop;
				kind = branch;
			};
		};
		92F80ED42905647400938A01 /* XCRemoteSwiftPackageReference "Then" */ = {
			isa = XCRemoteSwiftPackageReference;
			repositoryURL = "https://github.com/devxoul/Then.git";
			requirement = {
				branch = master;
				kind = branch;
			};
		};
		92F80ED72905648300938A01 /* XCRemoteSwiftPackageReference "Alamofire" */ = {
			isa = XCRemoteSwiftPackageReference;
			repositoryURL = "https://github.com/Alamofire/Alamofire.git";
			requirement = {
				branch = master;
				kind = branch;
			};
		};
		92F80F01290659E500938A01 /* XCRemoteSwiftPackageReference "RxSwift" */ = {
			isa = XCRemoteSwiftPackageReference;
			repositoryURL = "https://github.com/ReactiveX/RxSwift.git";
			requirement = {
				branch = main;
				kind = branch;
			};
		};
/* End XCRemoteSwiftPackageReference section */

/* Begin XCSwiftPackageProductDependency section */
		92F80ED22905646B00938A01 /* SnapKit */ = {
			isa = XCSwiftPackageProductDependency;
			package = 92F80ED12905646B00938A01 /* XCRemoteSwiftPackageReference "SnapKit" */;
			productName = SnapKit;
		};
		92F80ED52905647400938A01 /* Then */ = {
			isa = XCSwiftPackageProductDependency;
			package = 92F80ED42905647400938A01 /* XCRemoteSwiftPackageReference "Then" */;
			productName = Then;
		};
		92F80ED82905648300938A01 /* Alamofire */ = {
			isa = XCSwiftPackageProductDependency;
			package = 92F80ED72905648300938A01 /* XCRemoteSwiftPackageReference "Alamofire" */;
			productName = Alamofire;
		};
		92F80F02290659E500938A01 /* RxCocoa */ = {
			isa = XCSwiftPackageProductDependency;
			package = 92F80F01290659E500938A01 /* XCRemoteSwiftPackageReference "RxSwift" */;
			productName = RxCocoa;
		};
		92F80F04290659E500938A01 /* RxSwift */ = {
			isa = XCSwiftPackageProductDependency;
			package = 92F80F01290659E500938A01 /* XCRemoteSwiftPackageReference "RxSwift" */;
			productName = RxSwift;
		};
/* End XCSwiftPackageProductDependency section */
	};
	rootObject = 929DA5C629028A4200810B2A /* Project object */;
}
