// !$*UTF8*$!
{
	archiveVersion = 1;
	classes = {
	};
	objectVersion = 56;
	objects = {

/* Begin PBXBuildFile section */
		9200823329C5E32E00083A90 /* AppDelegate.swift in Sources */ = {isa = PBXBuildFile; fileRef = 9200823229C5E32E00083A90 /* AppDelegate.swift */; };
		9200823529C5E32E00083A90 /* SceneDelegate.swift in Sources */ = {isa = PBXBuildFile; fileRef = 9200823429C5E32E00083A90 /* SceneDelegate.swift */; };
		9200823729C5E32E00083A90 /* ViewController.swift in Sources */ = {isa = PBXBuildFile; fileRef = 9200823629C5E32E00083A90 /* ViewController.swift */; };
		9200823A29C5E32E00083A90 /* Main.storyboard in Resources */ = {isa = PBXBuildFile; fileRef = 9200823829C5E32E00083A90 /* Main.storyboard */; };
		9200823C29C5E33100083A90 /* Assets.xcassets in Resources */ = {isa = PBXBuildFile; fileRef = 9200823B29C5E33100083A90 /* Assets.xcassets */; };
		9200823F29C5E33100083A90 /* LaunchScreen.storyboard in Resources */ = {isa = PBXBuildFile; fileRef = 9200823D29C5E33100083A90 /* LaunchScreen.storyboard */; };
		9200824E29C5F60100083A90 /* RxCocoa in Frameworks */ = {isa = PBXBuildFile; productRef = 9200824D29C5F60100083A90 /* RxCocoa */; };
		9200825029C5F60100083A90 /* RxSwift in Frameworks */ = {isa = PBXBuildFile; productRef = 9200824F29C5F60100083A90 /* RxSwift */; };
		9200825329C5F60D00083A90 /* Alamofire in Frameworks */ = {isa = PBXBuildFile; productRef = 9200825229C5F60D00083A90 /* Alamofire */; };
		9200825629C5F61B00083A90 /* SnapKit in Frameworks */ = {isa = PBXBuildFile; productRef = 9200825529C5F61B00083A90 /* SnapKit */; };
		9200825929C5F62800083A90 /* Then in Frameworks */ = {isa = PBXBuildFile; productRef = 9200825829C5F62800083A90 /* Then */; };
		9274D12C29C5FC7F004525FF /* WeatherEntity.swift in Sources */ = {isa = PBXBuildFile; fileRef = 9274D12B29C5FC7F004525FF /* WeatherEntity.swift */; };
		9274D13029C5FD67004525FF /* FetchDailyWeatherUseCase.swift in Sources */ = {isa = PBXBuildFile; fileRef = 9274D12F29C5FD67004525FF /* FetchDailyWeatherUseCase.swift */; };
/* End PBXBuildFile section */

/* Begin PBXFileReference section */
		9200822F29C5E32E00083A90 /* CleanArchitecture.app */ = {isa = PBXFileReference; explicitFileType = wrapper.application; includeInIndex = 0; path = CleanArchitecture.app; sourceTree = BUILT_PRODUCTS_DIR; };
		9200823229C5E32E00083A90 /* AppDelegate.swift */ = {isa = PBXFileReference; lastKnownFileType = sourcecode.swift; path = AppDelegate.swift; sourceTree = "<group>"; };
		9200823429C5E32E00083A90 /* SceneDelegate.swift */ = {isa = PBXFileReference; lastKnownFileType = sourcecode.swift; path = SceneDelegate.swift; sourceTree = "<group>"; };
		9200823629C5E32E00083A90 /* ViewController.swift */ = {isa = PBXFileReference; lastKnownFileType = sourcecode.swift; path = ViewController.swift; sourceTree = "<group>"; };
		9200823929C5E32E00083A90 /* Base */ = {isa = PBXFileReference; lastKnownFileType = file.storyboard; name = Base; path = Base.lproj/Main.storyboard; sourceTree = "<group>"; };
		9200823B29C5E33100083A90 /* Assets.xcassets */ = {isa = PBXFileReference; lastKnownFileType = folder.assetcatalog; path = Assets.xcassets; sourceTree = "<group>"; };
		9200823E29C5E33100083A90 /* Base */ = {isa = PBXFileReference; lastKnownFileType = file.storyboard; name = Base; path = Base.lproj/LaunchScreen.storyboard; sourceTree = "<group>"; };
		9200824029C5E33100083A90 /* Info.plist */ = {isa = PBXFileReference; lastKnownFileType = text.plist.xml; path = Info.plist; sourceTree = "<group>"; };
		9274D12B29C5FC7F004525FF /* WeatherEntity.swift */ = {isa = PBXFileReference; lastKnownFileType = sourcecode.swift; path = WeatherEntity.swift; sourceTree = "<group>"; };
		9274D12F29C5FD67004525FF /* FetchDailyWeatherUseCase.swift */ = {isa = PBXFileReference; lastKnownFileType = sourcecode.swift; path = FetchDailyWeatherUseCase.swift; sourceTree = "<group>"; };
/* End PBXFileReference section */

/* Begin PBXFrameworksBuildPhase section */
		9200822C29C5E32E00083A90 /* Frameworks */ = {
			isa = PBXFrameworksBuildPhase;
			buildActionMask = 2147483647;
			files = (
				9200825929C5F62800083A90 /* Then in Frameworks */,
				9200825329C5F60D00083A90 /* Alamofire in Frameworks */,
				9200825629C5F61B00083A90 /* SnapKit in Frameworks */,
				9200825029C5F60100083A90 /* RxSwift in Frameworks */,
				9200824E29C5F60100083A90 /* RxCocoa in Frameworks */,
			);
			runOnlyForDeploymentPostprocessing = 0;
		};
/* End PBXFrameworksBuildPhase section */

/* Begin PBXGroup section */
		9200822629C5E32E00083A90 = {
			isa = PBXGroup;
			children = (
				9200823129C5E32E00083A90 /* CleanArchitecture */,
				9200823029C5E32E00083A90 /* Products */,
			);
			sourceTree = "<group>";
		};
		9200823029C5E32E00083A90 /* Products */ = {
			isa = PBXGroup;
			children = (
				9200822F29C5E32E00083A90 /* CleanArchitecture.app */,
			);
			name = Products;
			sourceTree = "<group>";
		};
		9200823129C5E32E00083A90 /* CleanArchitecture */ = {
			isa = PBXGroup;
			children = (
				9200824629C5EF1E00083A90 /* Application */,
				9200824729C5EF3800083A90 /* Data */,
				9200824829C5F00B00083A90 /* Domain */,
				9200824929C5F01400083A90 /* Network */,
				9200824A29C5F02100083A90 /* Presentation */,
				9200824B29C5F11200083A90 /* Resource */,
				9200824029C5E33100083A90 /* Info.plist */,
			);
			path = CleanArchitecture;
			sourceTree = "<group>";
		};
		9200824629C5EF1E00083A90 /* Application */ = {
			isa = PBXGroup;
			children = (
				9200823229C5E32E00083A90 /* AppDelegate.swift */,
				9200823429C5E32E00083A90 /* SceneDelegate.swift */,
			);
			path = Application;
			sourceTree = "<group>";
		};
		9200824729C5EF3800083A90 /* Data */ = {
			isa = PBXGroup;
			children = (
			);
			path = Data;
			sourceTree = "<group>";
		};
		9200824829C5F00B00083A90 /* Domain */ = {
			isa = PBXGroup;
			children = (
				9274D12D29C5FD3A004525FF /* Entity */,
				9274D12E29C5FD43004525FF /* UseCase */,
			);
			path = Domain;
			sourceTree = "<group>";
		};
		9200824929C5F01400083A90 /* Network */ = {
			isa = PBXGroup;
			children = (
			);
			path = Network;
			sourceTree = "<group>";
		};
		9200824A29C5F02100083A90 /* Presentation */ = {
			isa = PBXGroup;
			children = (
				9200823629C5E32E00083A90 /* ViewController.swift */,
			);
			path = Presentation;
			sourceTree = "<group>";
		};
		9200824B29C5F11200083A90 /* Resource */ = {
			isa = PBXGroup;
			children = (
				9200823829C5E32E00083A90 /* Main.storyboard */,
				9200823B29C5E33100083A90 /* Assets.xcassets */,
				9200823D29C5E33100083A90 /* LaunchScreen.storyboard */,
			);
			path = Resource;
			sourceTree = "<group>";
		};
		9274D12D29C5FD3A004525FF /* Entity */ = {
			isa = PBXGroup;
			children = (
				9274D12B29C5FC7F004525FF /* WeatherEntity.swift */,
			);
			path = Entity;
			sourceTree = "<group>";
		};
		9274D12E29C5FD43004525FF /* UseCase */ = {
			isa = PBXGroup;
			children = (
				9274D12F29C5FD67004525FF /* FetchDailyWeatherUseCase.swift */,
			);
			path = UseCase;
			sourceTree = "<group>";
		};
/* End PBXGroup section */

/* Begin PBXNativeTarget section */
		9200822E29C5E32E00083A90 /* CleanArchitecture */ = {
			isa = PBXNativeTarget;
			buildConfigurationList = 9200824329C5E33100083A90 /* Build configuration list for PBXNativeTarget "CleanArchitecture" */;
			buildPhases = (
				9200822B29C5E32E00083A90 /* Sources */,
				9200822C29C5E32E00083A90 /* Frameworks */,
				9200822D29C5E32E00083A90 /* Resources */,
			);
			buildRules = (
			);
			dependencies = (
			);
			name = CleanArchitecture;
			packageProductDependencies = (
				9200824D29C5F60100083A90 /* RxCocoa */,
				9200824F29C5F60100083A90 /* RxSwift */,
				9200825229C5F60D00083A90 /* Alamofire */,
				9200825529C5F61B00083A90 /* SnapKit */,
				9200825829C5F62800083A90 /* Then */,
			);
			productName = CleanArchitecture;
			productReference = 9200822F29C5E32E00083A90 /* CleanArchitecture.app */;
			productType = "com.apple.product-type.application";
		};
/* End PBXNativeTarget section */

/* Begin PBXProject section */
		9200822729C5E32E00083A90 /* Project object */ = {
			isa = PBXProject;
			attributes = {
				BuildIndependentTargetsInParallel = 1;
				LastSwiftUpdateCheck = 1420;
				LastUpgradeCheck = 1420;
				TargetAttributes = {
					9200822E29C5E32E00083A90 = {
						CreatedOnToolsVersion = 14.2;
					};
				};
			};
			buildConfigurationList = 9200822A29C5E32E00083A90 /* Build configuration list for PBXProject "CleanArchitecture" */;
			compatibilityVersion = "Xcode 14.0";
			developmentRegion = en;
			hasScannedForEncodings = 0;
			knownRegions = (
				en,
				Base,
			);
			mainGroup = 9200822629C5E32E00083A90;
			packageReferences = (
				9200824C29C5F60100083A90 /* XCRemoteSwiftPackageReference "RxSwift" */,
				9200825129C5F60D00083A90 /* XCRemoteSwiftPackageReference "Alamofire" */,
				9200825429C5F61B00083A90 /* XCRemoteSwiftPackageReference "SnapKit" */,
				9200825729C5F62800083A90 /* XCRemoteSwiftPackageReference "Then" */,
			);
			productRefGroup = 9200823029C5E32E00083A90 /* Products */;
			projectDirPath = "";
			projectRoot = "";
			targets = (
				9200822E29C5E32E00083A90 /* CleanArchitecture */,
			);
		};
/* End PBXProject section */

/* Begin PBXResourcesBuildPhase section */
		9200822D29C5E32E00083A90 /* Resources */ = {
			isa = PBXResourcesBuildPhase;
			buildActionMask = 2147483647;
			files = (
				9200823F29C5E33100083A90 /* LaunchScreen.storyboard in Resources */,
				9200823C29C5E33100083A90 /* Assets.xcassets in Resources */,
				9200823A29C5E32E00083A90 /* Main.storyboard in Resources */,
			);
			runOnlyForDeploymentPostprocessing = 0;
		};
/* End PBXResourcesBuildPhase section */

/* Begin PBXSourcesBuildPhase section */
		9200822B29C5E32E00083A90 /* Sources */ = {
			isa = PBXSourcesBuildPhase;
			buildActionMask = 2147483647;
			files = (
				9200823729C5E32E00083A90 /* ViewController.swift in Sources */,
				9200823329C5E32E00083A90 /* AppDelegate.swift in Sources */,
				9274D13029C5FD67004525FF /* FetchDailyWeatherUseCase.swift in Sources */,
				9200823529C5E32E00083A90 /* SceneDelegate.swift in Sources */,
				9274D12C29C5FC7F004525FF /* WeatherEntity.swift in Sources */,
			);
			runOnlyForDeploymentPostprocessing = 0;
		};
/* End PBXSourcesBuildPhase section */

/* Begin PBXVariantGroup section */
		9200823829C5E32E00083A90 /* Main.storyboard */ = {
			isa = PBXVariantGroup;
			children = (
				9200823929C5E32E00083A90 /* Base */,
			);
			name = Main.storyboard;
			sourceTree = "<group>";
		};
		9200823D29C5E33100083A90 /* LaunchScreen.storyboard */ = {
			isa = PBXVariantGroup;
			children = (
				9200823E29C5E33100083A90 /* Base */,
			);
			name = LaunchScreen.storyboard;
			sourceTree = "<group>";
		};
/* End PBXVariantGroup section */

/* Begin XCBuildConfiguration section */
		9200824129C5E33100083A90 /* Debug */ = {
			isa = XCBuildConfiguration;
			buildSettings = {
				ALWAYS_SEARCH_USER_PATHS = NO;
				CLANG_ANALYZER_NONNULL = YES;
				CLANG_ANALYZER_NUMBER_OBJECT_CONVERSION = YES_AGGRESSIVE;
				CLANG_CXX_LANGUAGE_STANDARD = "gnu++20";
				CLANG_ENABLE_MODULES = YES;
				CLANG_ENABLE_OBJC_ARC = YES;
				CLANG_ENABLE_OBJC_WEAK = YES;
				CLANG_WARN_BLOCK_CAPTURE_AUTORELEASING = YES;
				CLANG_WARN_BOOL_CONVERSION = YES;
				CLANG_WARN_COMMA = YES;
				CLANG_WARN_CONSTANT_CONVERSION = YES;
				CLANG_WARN_DEPRECATED_OBJC_IMPLEMENTATIONS = YES;
				CLANG_WARN_DIRECT_OBJC_ISA_USAGE = YES_ERROR;
				CLANG_WARN_DOCUMENTATION_COMMENTS = YES;
				CLANG_WARN_EMPTY_BODY = YES;
				CLANG_WARN_ENUM_CONVERSION = YES;
				CLANG_WARN_INFINITE_RECURSION = YES;
				CLANG_WARN_INT_CONVERSION = YES;
				CLANG_WARN_NON_LITERAL_NULL_CONVERSION = YES;
				CLANG_WARN_OBJC_IMPLICIT_RETAIN_SELF = YES;
				CLANG_WARN_OBJC_LITERAL_CONVERSION = YES;
				CLANG_WARN_OBJC_ROOT_CLASS = YES_ERROR;
				CLANG_WARN_QUOTED_INCLUDE_IN_FRAMEWORK_HEADER = YES;
				CLANG_WARN_RANGE_LOOP_ANALYSIS = YES;
				CLANG_WARN_STRICT_PROTOTYPES = YES;
				CLANG_WARN_SUSPICIOUS_MOVE = YES;
				CLANG_WARN_UNGUARDED_AVAILABILITY = YES_AGGRESSIVE;
				CLANG_WARN_UNREACHABLE_CODE = YES;
				CLANG_WARN__DUPLICATE_METHOD_MATCH = YES;
				COPY_PHASE_STRIP = NO;
				DEBUG_INFORMATION_FORMAT = dwarf;
				ENABLE_STRICT_OBJC_MSGSEND = YES;
				ENABLE_TESTABILITY = YES;
				GCC_C_LANGUAGE_STANDARD = gnu11;
				GCC_DYNAMIC_NO_PIC = NO;
				GCC_NO_COMMON_BLOCKS = YES;
				GCC_OPTIMIZATION_LEVEL = 0;
				GCC_PREPROCESSOR_DEFINITIONS = (
					"DEBUG=1",
					"$(inherited)",
				);
				GCC_WARN_64_TO_32_BIT_CONVERSION = YES;
				GCC_WARN_ABOUT_RETURN_TYPE = YES_ERROR;
				GCC_WARN_UNDECLARED_SELECTOR = YES;
				GCC_WARN_UNINITIALIZED_AUTOS = YES_AGGRESSIVE;
				GCC_WARN_UNUSED_FUNCTION = YES;
				GCC_WARN_UNUSED_VARIABLE = YES;
				IPHONEOS_DEPLOYMENT_TARGET = 16.2;
				MTL_ENABLE_DEBUG_INFO = INCLUDE_SOURCE;
				MTL_FAST_MATH = YES;
				ONLY_ACTIVE_ARCH = YES;
				SDKROOT = iphoneos;
				SWIFT_ACTIVE_COMPILATION_CONDITIONS = DEBUG;
				SWIFT_OPTIMIZATION_LEVEL = "-Onone";
			};
			name = Debug;
		};
		9200824229C5E33100083A90 /* Release */ = {
			isa = XCBuildConfiguration;
			buildSettings = {
				ALWAYS_SEARCH_USER_PATHS = NO;
				CLANG_ANALYZER_NONNULL = YES;
				CLANG_ANALYZER_NUMBER_OBJECT_CONVERSION = YES_AGGRESSIVE;
				CLANG_CXX_LANGUAGE_STANDARD = "gnu++20";
				CLANG_ENABLE_MODULES = YES;
				CLANG_ENABLE_OBJC_ARC = YES;
				CLANG_ENABLE_OBJC_WEAK = YES;
				CLANG_WARN_BLOCK_CAPTURE_AUTORELEASING = YES;
				CLANG_WARN_BOOL_CONVERSION = YES;
				CLANG_WARN_COMMA = YES;
				CLANG_WARN_CONSTANT_CONVERSION = YES;
				CLANG_WARN_DEPRECATED_OBJC_IMPLEMENTATIONS = YES;
				CLANG_WARN_DIRECT_OBJC_ISA_USAGE = YES_ERROR;
				CLANG_WARN_DOCUMENTATION_COMMENTS = YES;
				CLANG_WARN_EMPTY_BODY = YES;
				CLANG_WARN_ENUM_CONVERSION = YES;
				CLANG_WARN_INFINITE_RECURSION = YES;
				CLANG_WARN_INT_CONVERSION = YES;
				CLANG_WARN_NON_LITERAL_NULL_CONVERSION = YES;
				CLANG_WARN_OBJC_IMPLICIT_RETAIN_SELF = YES;
				CLANG_WARN_OBJC_LITERAL_CONVERSION = YES;
				CLANG_WARN_OBJC_ROOT_CLASS = YES_ERROR;
				CLANG_WARN_QUOTED_INCLUDE_IN_FRAMEWORK_HEADER = YES;
				CLANG_WARN_RANGE_LOOP_ANALYSIS = YES;
				CLANG_WARN_STRICT_PROTOTYPES = YES;
				CLANG_WARN_SUSPICIOUS_MOVE = YES;
				CLANG_WARN_UNGUARDED_AVAILABILITY = YES_AGGRESSIVE;
				CLANG_WARN_UNREACHABLE_CODE = YES;
				CLANG_WARN__DUPLICATE_METHOD_MATCH = YES;
				COPY_PHASE_STRIP = NO;
				DEBUG_INFORMATION_FORMAT = "dwarf-with-dsym";
				ENABLE_NS_ASSERTIONS = NO;
				ENABLE_STRICT_OBJC_MSGSEND = YES;
				GCC_C_LANGUAGE_STANDARD = gnu11;
				GCC_NO_COMMON_BLOCKS = YES;
				GCC_WARN_64_TO_32_BIT_CONVERSION = YES;
				GCC_WARN_ABOUT_RETURN_TYPE = YES_ERROR;
				GCC_WARN_UNDECLARED_SELECTOR = YES;
				GCC_WARN_UNINITIALIZED_AUTOS = YES_AGGRESSIVE;
				GCC_WARN_UNUSED_FUNCTION = YES;
				GCC_WARN_UNUSED_VARIABLE = YES;
				IPHONEOS_DEPLOYMENT_TARGET = 16.2;
				MTL_ENABLE_DEBUG_INFO = NO;
				MTL_FAST_MATH = YES;
				SDKROOT = iphoneos;
				SWIFT_COMPILATION_MODE = wholemodule;
				SWIFT_OPTIMIZATION_LEVEL = "-O";
				VALIDATE_PRODUCT = YES;
			};
			name = Release;
		};
		9200824429C5E33100083A90 /* Debug */ = {
			isa = XCBuildConfiguration;
			buildSettings = {
				ASSETCATALOG_COMPILER_APPICON_NAME = AppIcon;
				ASSETCATALOG_COMPILER_GLOBAL_ACCENT_COLOR_NAME = AccentColor;
				CODE_SIGN_STYLE = Automatic;
				CURRENT_PROJECT_VERSION = 1;
				DEVELOPMENT_TEAM = PU64TS56AD;
				GENERATE_INFOPLIST_FILE = YES;
				INFOPLIST_FILE = CleanArchitecture/Info.plist;
				INFOPLIST_KEY_UIApplicationSupportsIndirectInputEvents = YES;
				INFOPLIST_KEY_UILaunchStoryboardName = LaunchScreen;
				INFOPLIST_KEY_UIMainStoryboardFile = Main;
				INFOPLIST_KEY_UISupportedInterfaceOrientations_iPad = "UIInterfaceOrientationPortrait UIInterfaceOrientationPortraitUpsideDown UIInterfaceOrientationLandscapeLeft UIInterfaceOrientationLandscapeRight";
				INFOPLIST_KEY_UISupportedInterfaceOrientations_iPhone = "UIInterfaceOrientationPortrait UIInterfaceOrientationLandscapeLeft UIInterfaceOrientationLandscapeRight";
				LD_RUNPATH_SEARCH_PATHS = (
					"$(inherited)",
					"@executable_path/Frameworks",
				);
				MARKETING_VERSION = 1.0;
				PRODUCT_BUNDLE_IDENTIFIER = com.soyeon.CleanArchitecture;
				PRODUCT_NAME = "$(TARGET_NAME)";
				SUPPORTED_PLATFORMS = "iphoneos iphonesimulator";
				SUPPORTS_MACCATALYST = NO;
				SUPPORTS_MAC_DESIGNED_FOR_IPHONE_IPAD = NO;
				SWIFT_EMIT_LOC_STRINGS = YES;
				SWIFT_VERSION = 5.0;
				TARGETED_DEVICE_FAMILY = 1;
			};
			name = Debug;
		};
		9200824529C5E33100083A90 /* Release */ = {
			isa = XCBuildConfiguration;
			buildSettings = {
				ASSETCATALOG_COMPILER_APPICON_NAME = AppIcon;
				ASSETCATALOG_COMPILER_GLOBAL_ACCENT_COLOR_NAME = AccentColor;
				CODE_SIGN_STYLE = Automatic;
				CURRENT_PROJECT_VERSION = 1;
				DEVELOPMENT_TEAM = PU64TS56AD;
				GENERATE_INFOPLIST_FILE = YES;
				INFOPLIST_FILE = CleanArchitecture/Info.plist;
				INFOPLIST_KEY_UIApplicationSupportsIndirectInputEvents = YES;
				INFOPLIST_KEY_UILaunchStoryboardName = LaunchScreen;
				INFOPLIST_KEY_UIMainStoryboardFile = Main;
				INFOPLIST_KEY_UISupportedInterfaceOrientations_iPad = "UIInterfaceOrientationPortrait UIInterfaceOrientationPortraitUpsideDown UIInterfaceOrientationLandscapeLeft UIInterfaceOrientationLandscapeRight";
				INFOPLIST_KEY_UISupportedInterfaceOrientations_iPhone = "UIInterfaceOrientationPortrait UIInterfaceOrientationLandscapeLeft UIInterfaceOrientationLandscapeRight";
				LD_RUNPATH_SEARCH_PATHS = (
					"$(inherited)",
					"@executable_path/Frameworks",
				);
				MARKETING_VERSION = 1.0;
				PRODUCT_BUNDLE_IDENTIFIER = com.soyeon.CleanArchitecture;
				PRODUCT_NAME = "$(TARGET_NAME)";
				SUPPORTED_PLATFORMS = "iphoneos iphonesimulator";
				SUPPORTS_MACCATALYST = NO;
				SUPPORTS_MAC_DESIGNED_FOR_IPHONE_IPAD = NO;
				SWIFT_EMIT_LOC_STRINGS = YES;
				SWIFT_VERSION = 5.0;
				TARGETED_DEVICE_FAMILY = 1;
			};
			name = Release;
		};
/* End XCBuildConfiguration section */

/* Begin XCConfigurationList section */
		9200822A29C5E32E00083A90 /* Build configuration list for PBXProject "CleanArchitecture" */ = {
			isa = XCConfigurationList;
			buildConfigurations = (
				9200824129C5E33100083A90 /* Debug */,
				9200824229C5E33100083A90 /* Release */,
			);
			defaultConfigurationIsVisible = 0;
			defaultConfigurationName = Release;
		};
		9200824329C5E33100083A90 /* Build configuration list for PBXNativeTarget "CleanArchitecture" */ = {
			isa = XCConfigurationList;
			buildConfigurations = (
				9200824429C5E33100083A90 /* Debug */,
				9200824529C5E33100083A90 /* Release */,
			);
			defaultConfigurationIsVisible = 0;
			defaultConfigurationName = Release;
		};
/* End XCConfigurationList section */

/* Begin XCRemoteSwiftPackageReference section */
		9200824C29C5F60100083A90 /* XCRemoteSwiftPackageReference "RxSwift" */ = {
			isa = XCRemoteSwiftPackageReference;
			repositoryURL = "https://github.com/ReactiveX/RxSwift.git";
			requirement = {
				branch = main;
				kind = branch;
			};
		};
		9200825129C5F60D00083A90 /* XCRemoteSwiftPackageReference "Alamofire" */ = {
			isa = XCRemoteSwiftPackageReference;
			repositoryURL = "https://github.com/Alamofire/Alamofire.git";
			requirement = {
				branch = master;
				kind = branch;
			};
		};
		9200825429C5F61B00083A90 /* XCRemoteSwiftPackageReference "SnapKit" */ = {
			isa = XCRemoteSwiftPackageReference;
			repositoryURL = "https://github.com/SnapKit/SnapKit.git";
			requirement = {
				branch = develop;
				kind = branch;
			};
		};
		9200825729C5F62800083A90 /* XCRemoteSwiftPackageReference "Then" */ = {
			isa = XCRemoteSwiftPackageReference;
			repositoryURL = "https://github.com/devxoul/Then.git";
			requirement = {
				branch = master;
				kind = branch;
			};
		};
/* End XCRemoteSwiftPackageReference section */

/* Begin XCSwiftPackageProductDependency section */
		9200824D29C5F60100083A90 /* RxCocoa */ = {
			isa = XCSwiftPackageProductDependency;
			package = 9200824C29C5F60100083A90 /* XCRemoteSwiftPackageReference "RxSwift" */;
			productName = RxCocoa;
		};
		9200824F29C5F60100083A90 /* RxSwift */ = {
			isa = XCSwiftPackageProductDependency;
			package = 9200824C29C5F60100083A90 /* XCRemoteSwiftPackageReference "RxSwift" */;
			productName = RxSwift;
		};
		9200825229C5F60D00083A90 /* Alamofire */ = {
			isa = XCSwiftPackageProductDependency;
			package = 9200825129C5F60D00083A90 /* XCRemoteSwiftPackageReference "Alamofire" */;
			productName = Alamofire;
		};
		9200825529C5F61B00083A90 /* SnapKit */ = {
			isa = XCSwiftPackageProductDependency;
			package = 9200825429C5F61B00083A90 /* XCRemoteSwiftPackageReference "SnapKit" */;
			productName = SnapKit;
		};
		9200825829C5F62800083A90 /* Then */ = {
			isa = XCSwiftPackageProductDependency;
			package = 9200825729C5F62800083A90 /* XCRemoteSwiftPackageReference "Then" */;
			productName = Then;
		};
/* End XCSwiftPackageProductDependency section */
	};
	rootObject = 9200822729C5E32E00083A90 /* Project object */;
}
