{
  "pins" : [
    {
      "identity" : "factory",
      "kind" : "remoteSourceControl",
      "location" : "https://github.com/hmlongco/Factory.git",
      "state" : {
        "revision" : "df622bf129ceb0915319a9651174800cfda87b2c",
        "version" : "2.0.3"
      }
    },
    {
      "identity" : "rxswift",
      "kind" : "remoteSourceControl",
      "location" : "https://github.com/ReactiveX/RxSwift.git",
      "state" : {
        "branch" : "main",
        "revision" : "04c8d2b491b54e46a3534254bed8807b4a954fad"
      }
    },
    {
      "identity" : "snapkit",
      "kind" : "remoteSourceControl",
      "location" : "https://github.com/SnapKit/SnapKit.git",
      "state" : {
        "revision" : "f222cbdf325885926566172f6f5f06af95473158",
        "version" : "5.6.0"
      }
    },
    {
      "identity" : "then",
      "kind" : "remoteSourceControl",
      "location" : "https://github.com/devxoul/Then.git",
      "state" : {
        "branch" : "master",
        "revision" : "d41ef523faef0f911369f79c0b96815d9dbb6d7a"
      }
    }
  ],
  "version" : 2
}
